# Generated by ReqSnap
# Date: 2026-02-01T11:49:24.961260
# Python: 3.10.19
# Source: requirements.txt

langchain==1.0.1
langchain-community==0.4.1
langchain-huggingface==1.2.0
langchain-pinecone==0.2.13
langchain_openai==1.1.7
pinecone==7.3.0
pypdf==6.6.2
python-dotenv==1.2.1
reqsnap==1.0.0
sentence_transformers==5.2.2
